
Microsoft Visual Studio Solution File, Format Version 12.00
# Visual Studio Version 17
VisualStudioVersion = 17.0.31903.59
MinimumVisualStudioVersion = 10.0.40219.1
Project("{FAE04EC0-301F-11D3-BF4B-00C04F79EFBC}") = "API", "API\API.csproj", "{B51E9E26-905C-4AAB-B708-850F9A9A9AEC}"
EndProject
Project("{FAE04EC0-301F-11D3-BF4B-00C04F79EFBC}") = "Application", "Application\Application.csproj", "{1B544E4B-6275-4908-AAFD-EB757BE5FEE6}"
EndProject
Project("{FAE04EC0-301F-11D3-BF4B-00C04F79EFBC}") = "Domain", "Domain\Domain.csproj", "{7C9DAB4E-388A-417A-86D6-DC87C9B04D4A}"
EndProject
Project("{FAE04EC0-301F-11D3-BF4B-00C04F79EFBC}") = "Persistence", "Persistence\Persistence.csproj", "{CBB64099-AC35-42D3-807E-AE96B461793F}"
EndProject
Global
	GlobalSection(SolutionConfigurationPlatforms) = preSolution
		Debug|Any CPU = Debug|Any CPU
		Release|Any CPU = Release|Any CPU
	EndGlobalSection
	GlobalSection(SolutionProperties) = preSolution
		HideSolutionNode = FALSE
	EndGlobalSection
	GlobalSection(ProjectConfigurationPlatforms) = postSolution
		{B51E9E26-905C-4AAB-B708-850F9A9A9AEC}.Debug|Any CPU.ActiveCfg = Debug|Any CPU
		{B51E9E26-905C-4AAB-B708-850F9A9A9AEC}.Debug|Any CPU.Build.0 = Debug|Any CPU
		{B51E9E26-905C-4AAB-B708-850F9A9A9AEC}.Release|Any CPU.ActiveCfg = Release|Any CPU
		{B51E9E26-905C-4AAB-B708-850F9A9A9AEC}.Release|Any CPU.Build.0 = Release|Any CPU
		{1B544E4B-6275-4908-AAFD-EB757BE5FEE6}.Debug|Any CPU.ActiveCfg = Debug|Any CPU
		{1B544E4B-6275-4908-AAFD-EB757BE5FEE6}.Debug|Any CPU.Build.0 = Debug|Any CPU
		{1B544E4B-6275-4908-AAFD-EB757BE5FEE6}.Release|Any CPU.ActiveCfg = Release|Any CPU
		{1B544E4B-6275-4908-AAFD-EB757BE5FEE6}.Release|Any CPU.Build.0 = Release|Any CPU
		{7C9DAB4E-388A-417A-86D6-DC87C9B04D4A}.Debug|Any CPU.ActiveCfg = Debug|Any CPU
		{7C9DAB4E-388A-417A-86D6-DC87C9B04D4A}.Debug|Any CPU.Build.0 = Debug|Any CPU
		{7C9DAB4E-388A-417A-86D6-DC87C9B04D4A}.Release|Any CPU.ActiveCfg = Release|Any CPU
		{7C9DAB4E-388A-417A-86D6-DC87C9B04D4A}.Release|Any CPU.Build.0 = Release|Any CPU
		{CBB64099-AC35-42D3-807E-AE96B461793F}.Debug|Any CPU.ActiveCfg = Debug|Any CPU
		{CBB64099-AC35-42D3-807E-AE96B461793F}.Debug|Any CPU.Build.0 = Debug|Any CPU
		{CBB64099-AC35-42D3-807E-AE96B461793F}.Release|Any CPU.ActiveCfg = Release|Any CPU
		{CBB64099-AC35-42D3-807E-AE96B461793F}.Release|Any CPU.Build.0 = Release|Any CPU
	EndGlobalSection
EndGlobal
